Microsoft Visual Studio Solution File, Format Version 12.00
# Visual Studio 15
VisualStudioVersion = 15.0.28307.572
MinimumVisualStudioVersion = 10.0.40219.1
Project("{FAE04EC0-301F-11D3-BF4B-00C04F79EFBC}") = "SmallHouse", "SmallHouse.csproj", "{6724530C-7C23-42D8-9302-575DACB39919}"
EndProject
Global
	GlobalSection(SolutionConfigurationPlatforms) = preSolution
		Debug|Any CPU = Debug|Any CPU
		Release|Any CPU = Release|Any CPU
	EndGlobalSection
	GlobalSection(ProjectConfigurationPlatforms) = postSolution
		{6724530C-7C23-42D8-9302-575DACB39919}.Debug|Any CPU.ActiveCfg = Debug|Any CPU
		{6724530C-7C23-42D8-9302-575DACB39919}.Debug|Any CPU.Build.0 = Debug|Any CPU
		{6724530C-7C23-42D8-9302-575DACB39919}.Release|Any CPU.ActiveCfg = Release|Any CPU
		{6724530C-7C23-42D8-9302-575DACB39919}.Release|Any CPU.Build.0 = Release|Any CPU
	EndGlobalSection
	GlobalSection(SolutionProperties) = preSolution
		HideSolutionNode = FALSE
	EndGlobalSection
	GlobalSection(ExtensibilityGlobals) = postSolution
		SolutionGuid = {48632064-EBC1-4D1A-A2C2-E784F3925404}
	EndGlobalSection
EndGlobal
